// !$*UTF8*$!
{
	archiveVersion = 1;
	classes = {
	};
	objectVersion = 55;
	objects = {

/* Begin PBXBuildFile section */
		1A323AB65782649833A57976 /* Pods_TV_Shows.framework in Frameworks */ = {isa = PBXBuildFile; fileRef = CD49A9913549BF3799DE5D21 /* Pods_TV_Shows.framework */; };
		AD2F646C28914707002AB305 /* ShowDetailsViewController.swift in Sources */ = {isa = PBXBuildFile; fileRef = AD2F646B28914707002AB305 /* ShowDetailsViewController.swift */; };
		AD2F6471289173F2002AB305 /* DescriptionTableViewCell.swift in Sources */ = {isa = PBXBuildFile; fileRef = AD2F646F289173F2002AB305 /* DescriptionTableViewCell.swift */; };
		AD2F6472289173F2002AB305 /* DescriptionTableViewCell.xib in Resources */ = {isa = PBXBuildFile; fileRef = AD2F6470289173F2002AB305 /* DescriptionTableViewCell.xib */; };
		AD32442F2898413100EEA5F8 /* ExtensionsUIButton.swift in Sources */ = {isa = PBXBuildFile; fileRef = AD32442E2898413100EEA5F8 /* ExtensionsUIButton.swift */; };
		AD4319DB28874BDF00124AD1 /* UnderlinedTextField.swift in Sources */ = {isa = PBXBuildFile; fileRef = AD4319DA28874BDF00124AD1 /* UnderlinedTextField.swift */; };
		AD4319E128876D1500124AD1 /* Home.storyboard in Resources */ = {isa = PBXBuildFile; fileRef = AD4319E028876D1500124AD1 /* Home.storyboard */; };
		AD4319E328876D2C00124AD1 /* HomeViewController.swift in Sources */ = {isa = PBXBuildFile; fileRef = AD4319E228876D2C00124AD1 /* HomeViewController.swift */; };
		AD4319E72888748D00124AD1 /* Constants.swift in Sources */ = {isa = PBXBuildFile; fileRef = AD4319E62888748D00124AD1 /* Constants.swift */; };
		AD4319ED2888888B00124AD1 /* User.swift in Sources */ = {isa = PBXBuildFile; fileRef = AD4319EC2888888B00124AD1 /* User.swift */; };
		AD538CD02875F49500C7FCDA /* AppDelegate.swift in Sources */ = {isa = PBXBuildFile; fileRef = AD538CCF2875F49500C7FCDA /* AppDelegate.swift */; };
		AD538CD22875F49500C7FCDA /* SceneDelegate.swift in Sources */ = {isa = PBXBuildFile; fileRef = AD538CD12875F49500C7FCDA /* SceneDelegate.swift */; };
		AD538CD92875F49C00C7FCDA /* Assets.xcassets in Resources */ = {isa = PBXBuildFile; fileRef = AD538CD82875F49C00C7FCDA /* Assets.xcassets */; };
		AD538CDC2875F49C00C7FCDA /* LaunchScreen.storyboard in Resources */ = {isa = PBXBuildFile; fileRef = AD538CDA2875F49C00C7FCDA /* LaunchScreen.storyboard */; };
		AD761E81289074DA001811D6 /* ShowList.swift in Sources */ = {isa = PBXBuildFile; fileRef = AD761E80289074DA001811D6 /* ShowList.swift */; };
		AD761E8728908DD0001811D6 /* TvShowTableViewCell.swift in Sources */ = {isa = PBXBuildFile; fileRef = AD761E8528908DD0001811D6 /* TvShowTableViewCell.swift */; };
		AD761E8828908DD0001811D6 /* TvShowTableViewCell.xib in Resources */ = {isa = PBXBuildFile; fileRef = AD761E8628908DD0001811D6 /* TvShowTableViewCell.xib */; };
		AD86D275287C70EF0049FD11 /* Login.storyboard in Resources */ = {isa = PBXBuildFile; fileRef = AD86D274287C70EF0049FD11 /* Login.storyboard */; };
		AD86D277287C710B0049FD11 /* LoginViewController.swift in Sources */ = {isa = PBXBuildFile; fileRef = AD86D276287C710B0049FD11 /* LoginViewController.swift */; };
		ADAF50CB28992DE7005D151B /* UserDefaults.swift in Sources */ = {isa = PBXBuildFile; fileRef = ADAF50CA28992DE7005D151B /* UserDefaults.swift */; };
		ADAF50CF28994E4E005D151B /* KeychainAccess.swift in Sources */ = {isa = PBXBuildFile; fileRef = ADAF50CE28994E4E005D151B /* KeychainAccess.swift */; };
		ADAF50D228995F72005D151B /* ProfileViewController.swift in Sources */ = {isa = PBXBuildFile; fileRef = ADAF50D128995F72005D151B /* ProfileViewController.swift */; };
		ADC6845C2891B45F00661E5D /* ReviewTableViewCell.swift in Sources */ = {isa = PBXBuildFile; fileRef = ADC6845A2891B45F00661E5D /* ReviewTableViewCell.swift */; };
		ADC6845D2891B45F00661E5D /* ReviewTableViewCell.xib in Resources */ = {isa = PBXBuildFile; fileRef = ADC6845B2891B45F00661E5D /* ReviewTableViewCell.xib */; };
		ADC684602891B98300661E5D /* Review.swift in Sources */ = {isa = PBXBuildFile; fileRef = ADC6845F2891B98300661E5D /* Review.swift */; };
		ADC684632891C6BF00661E5D /* WriteReviewViewController.swift in Sources */ = {isa = PBXBuildFile; fileRef = ADC684622891C6BF00661E5D /* WriteReviewViewController.swift */; };
		ADC684652891D63D00661E5D /* RatingView.swift in Sources */ = {isa = PBXBuildFile; fileRef = ADC684642891D63D00661E5D /* RatingView.swift */; };
/* End PBXBuildFile section */

/* Begin PBXFileReference section */
		5391A98C485E2D87C6C5812C /* Pods-TV Shows.release.xcconfig */ = {isa = PBXFileReference; includeInIndex = 1; lastKnownFileType = text.xcconfig; name = "Pods-TV Shows.release.xcconfig"; path = "Target Support Files/Pods-TV Shows/Pods-TV Shows.release.xcconfig"; sourceTree = "<group>"; };
		AD2F646B28914707002AB305 /* ShowDetailsViewController.swift */ = {isa = PBXFileReference; lastKnownFileType = sourcecode.swift; path = ShowDetailsViewController.swift; sourceTree = "<group>"; };
		AD2F646F289173F2002AB305 /* DescriptionTableViewCell.swift */ = {isa = PBXFileReference; lastKnownFileType = sourcecode.swift; path = DescriptionTableViewCell.swift; sourceTree = "<group>"; };
		AD2F6470289173F2002AB305 /* DescriptionTableViewCell.xib */ = {isa = PBXFileReference; lastKnownFileType = file.xib; path = DescriptionTableViewCell.xib; sourceTree = "<group>"; };
		AD32442E2898413100EEA5F8 /* ExtensionsUIButton.swift */ = {isa = PBXFileReference; lastKnownFileType = sourcecode.swift; path = ExtensionsUIButton.swift; sourceTree = "<group>"; };
		AD4319DA28874BDF00124AD1 /* UnderlinedTextField.swift */ = {isa = PBXFileReference; lastKnownFileType = sourcecode.swift; path = UnderlinedTextField.swift; sourceTree = "<group>"; };
		AD4319E028876D1500124AD1 /* Home.storyboard */ = {isa = PBXFileReference; lastKnownFileType = file.storyboard; path = Home.storyboard; sourceTree = "<group>"; };
		AD4319E228876D2C00124AD1 /* HomeViewController.swift */ = {isa = PBXFileReference; lastKnownFileType = sourcecode.swift; path = HomeViewController.swift; sourceTree = "<group>"; };
		AD4319E62888748D00124AD1 /* Constants.swift */ = {isa = PBXFileReference; lastKnownFileType = sourcecode.swift; path = Constants.swift; sourceTree = "<group>"; };
		AD4319EC2888888B00124AD1 /* User.swift */ = {isa = PBXFileReference; lastKnownFileType = sourcecode.swift; path = User.swift; sourceTree = "<group>"; };
		AD538CCC2875F49500C7FCDA /* TV Shows.app */ = {isa = PBXFileReference; explicitFileType = wrapper.application; includeInIndex = 0; path = "TV Shows.app"; sourceTree = BUILT_PRODUCTS_DIR; };
		AD538CCF2875F49500C7FCDA /* AppDelegate.swift */ = {isa = PBXFileReference; lastKnownFileType = sourcecode.swift; path = AppDelegate.swift; sourceTree = "<group>"; };
		AD538CD12875F49500C7FCDA /* SceneDelegate.swift */ = {isa = PBXFileReference; lastKnownFileType = sourcecode.swift; path = SceneDelegate.swift; sourceTree = "<group>"; };
		AD538CD82875F49C00C7FCDA /* Assets.xcassets */ = {isa = PBXFileReference; lastKnownFileType = folder.assetcatalog; path = Assets.xcassets; sourceTree = "<group>"; };
		AD538CDB2875F49C00C7FCDA /* Base */ = {isa = PBXFileReference; lastKnownFileType = file.storyboard; name = Base; path = Base.lproj/LaunchScreen.storyboard; sourceTree = "<group>"; };
		AD538CDD2875F49C00C7FCDA /* Info.plist */ = {isa = PBXFileReference; lastKnownFileType = text.plist.xml; path = Info.plist; sourceTree = "<group>"; };
		AD761E80289074DA001811D6 /* ShowList.swift */ = {isa = PBXFileReference; lastKnownFileType = sourcecode.swift; path = ShowList.swift; sourceTree = "<group>"; };
		AD761E8528908DD0001811D6 /* TvShowTableViewCell.swift */ = {isa = PBXFileReference; lastKnownFileType = sourcecode.swift; path = TvShowTableViewCell.swift; sourceTree = "<group>"; };
		AD761E8628908DD0001811D6 /* TvShowTableViewCell.xib */ = {isa = PBXFileReference; lastKnownFileType = file.xib; path = TvShowTableViewCell.xib; sourceTree = "<group>"; };
		AD86D274287C70EF0049FD11 /* Login.storyboard */ = {isa = PBXFileReference; lastKnownFileType = file.storyboard; path = Login.storyboard; sourceTree = "<group>"; };
		AD86D276287C710B0049FD11 /* LoginViewController.swift */ = {isa = PBXFileReference; lastKnownFileType = sourcecode.swift; path = LoginViewController.swift; sourceTree = "<group>"; };
		ADAF50CA28992DE7005D151B /* UserDefaults.swift */ = {isa = PBXFileReference; lastKnownFileType = sourcecode.swift; path = UserDefaults.swift; sourceTree = "<group>"; };
		ADAF50CE28994E4E005D151B /* KeychainAccess.swift */ = {isa = PBXFileReference; lastKnownFileType = sourcecode.swift; path = KeychainAccess.swift; sourceTree = "<group>"; };
		ADAF50D128995F72005D151B /* ProfileViewController.swift */ = {isa = PBXFileReference; lastKnownFileType = sourcecode.swift; path = ProfileViewController.swift; sourceTree = "<group>"; };
		ADC6845A2891B45F00661E5D /* ReviewTableViewCell.swift */ = {isa = PBXFileReference; lastKnownFileType = sourcecode.swift; path = ReviewTableViewCell.swift; sourceTree = "<group>"; };
		ADC6845B2891B45F00661E5D /* ReviewTableViewCell.xib */ = {isa = PBXFileReference; lastKnownFileType = file.xib; path = ReviewTableViewCell.xib; sourceTree = "<group>"; };
		ADC6845F2891B98300661E5D /* Review.swift */ = {isa = PBXFileReference; lastKnownFileType = sourcecode.swift; path = Review.swift; sourceTree = "<group>"; };
		ADC684622891C6BF00661E5D /* WriteReviewViewController.swift */ = {isa = PBXFileReference; lastKnownFileType = sourcecode.swift; path = WriteReviewViewController.swift; sourceTree = "<group>"; };
		ADC684642891D63D00661E5D /* RatingView.swift */ = {isa = PBXFileReference; lastKnownFileType = sourcecode.swift; path = RatingView.swift; sourceTree = "<group>"; };
		C76CC78DA9CC6E09C1FF49C0 /* Pods-TV Shows.debug.xcconfig */ = {isa = PBXFileReference; includeInIndex = 1; lastKnownFileType = text.xcconfig; name = "Pods-TV Shows.debug.xcconfig"; path = "Target Support Files/Pods-TV Shows/Pods-TV Shows.debug.xcconfig"; sourceTree = "<group>"; };
		CD49A9913549BF3799DE5D21 /* Pods_TV_Shows.framework */ = {isa = PBXFileReference; explicitFileType = wrapper.framework; includeInIndex = 0; path = Pods_TV_Shows.framework; sourceTree = BUILT_PRODUCTS_DIR; };
/* End PBXFileReference section */

/* Begin PBXFrameworksBuildPhase section */
		AD538CC92875F49500C7FCDA /* Frameworks */ = {
			isa = PBXFrameworksBuildPhase;
			buildActionMask = 2147483647;
			files = (
				1A323AB65782649833A57976 /* Pods_TV_Shows.framework in Frameworks */,
			);
			runOnlyForDeploymentPostprocessing = 0;
		};
/* End PBXFrameworksBuildPhase section */

/* Begin PBXGroup section */
		12F661678C98E5D7A14C9BFF /* Frameworks */ = {
			isa = PBXGroup;
			children = (
				CD49A9913549BF3799DE5D21 /* Pods_TV_Shows.framework */,
			);
			name = Frameworks;
			sourceTree = "<group>";
		};
		60603B378033E082FD782DE7 /* Pods */ = {
			isa = PBXGroup;
			children = (
				C76CC78DA9CC6E09C1FF49C0 /* Pods-TV Shows.debug.xcconfig */,
				5391A98C485E2D87C6C5812C /* Pods-TV Shows.release.xcconfig */,
			);
			path = Pods;
			sourceTree = "<group>";
		};
		AD2F646A289146C0002AB305 /* ShowDetails */ = {
			isa = PBXGroup;
			children = (
				ADC6845E2891B96400661E5D /* Reviews */,
				AD2F646B28914707002AB305 /* ShowDetailsViewController.swift */,
				AD2F646F289173F2002AB305 /* DescriptionTableViewCell.swift */,
				AD2F6470289173F2002AB305 /* DescriptionTableViewCell.xib */,
			);
			path = ShowDetails;
			sourceTree = "<group>";
		};
		AD4319DC2887575400124AD1 /* Elements */ = {
			isa = PBXGroup;
			children = (
				AD4319DA28874BDF00124AD1 /* UnderlinedTextField.swift */,
				AD32442E2898413100EEA5F8 /* ExtensionsUIButton.swift */,
			);
			path = Elements;
			sourceTree = "<group>";
		};
		AD4319DF28876CD000124AD1 /* Home */ = {
			isa = PBXGroup;
			children = (
				AD4319E028876D1500124AD1 /* Home.storyboard */,
				AD4319E228876D2C00124AD1 /* HomeViewController.swift */,
				AD4319EC2888888B00124AD1 /* User.swift */,
				AD761E80289074DA001811D6 /* ShowList.swift */,
				AD761E8528908DD0001811D6 /* TvShowTableViewCell.swift */,
				AD761E8628908DD0001811D6 /* TvShowTableViewCell.xib */,
			);
			path = Home;
			sourceTree = "<group>";
		};
		AD538CC32875F49500C7FCDA = {
			isa = PBXGroup;
			children = (
				AD538CCE2875F49500C7FCDA /* TV Shows */,
				AD538CCD2875F49500C7FCDA /* Products */,
				60603B378033E082FD782DE7 /* Pods */,
				12F661678C98E5D7A14C9BFF /* Frameworks */,
			);
			sourceTree = "<group>";
		};
		AD538CCD2875F49500C7FCDA /* Products */ = {
			isa = PBXGroup;
			children = (
				AD538CCC2875F49500C7FCDA /* TV Shows.app */,
			);
			name = Products;
			sourceTree = "<group>";
		};
		AD538CCE2875F49500C7FCDA /* TV Shows */ = {
			isa = PBXGroup;
			children = (
				ADAF50D028995F55005D151B /* Profile */,
				AD86D273287C70AF0049FD11 /* Login */,
				AD4319DF28876CD000124AD1 /* Home */,
				AD2F646A289146C0002AB305 /* ShowDetails */,
				ADC684612891C66800661E5D /* WriteReview */,
				AD761E8228907D9E001811D6 /* Utility */,
				AD538CCF2875F49500C7FCDA /* AppDelegate.swift */,
				AD538CD12875F49500C7FCDA /* SceneDelegate.swift */,
				AD538CD82875F49C00C7FCDA /* Assets.xcassets */,
				AD538CDA2875F49C00C7FCDA /* LaunchScreen.storyboard */,
				AD538CDD2875F49C00C7FCDA /* Info.plist */,
			);
			path = "TV Shows";
			sourceTree = "<group>";
		};
		AD761E8228907D9E001811D6 /* Utility */ = {
			isa = PBXGroup;
			children = (
				AD4319E62888748D00124AD1 /* Constants.swift */,
				ADAF50CA28992DE7005D151B /* UserDefaults.swift */,
				ADAF50CE28994E4E005D151B /* KeychainAccess.swift */,
			);
			path = Utility;
			sourceTree = "<group>";
		};
		AD86D273287C70AF0049FD11 /* Login */ = {
			isa = PBXGroup;
			children = (
				AD4319DC2887575400124AD1 /* Elements */,
				AD86D274287C70EF0049FD11 /* Login.storyboard */,
				AD86D276287C710B0049FD11 /* LoginViewController.swift */,
			);
			path = Login;
			sourceTree = "<group>";
		};
		ADAF50D028995F55005D151B /* Profile */ = {
			isa = PBXGroup;
			children = (
				ADAF50D128995F72005D151B /* ProfileViewController.swift */,
			);
			path = Profile;
			sourceTree = "<group>";
		};
		ADC6845E2891B96400661E5D /* Reviews */ = {
			isa = PBXGroup;
			children = (
				ADC6845A2891B45F00661E5D /* ReviewTableViewCell.swift */,
				ADC6845B2891B45F00661E5D /* ReviewTableViewCell.xib */,
				ADC6845F2891B98300661E5D /* Review.swift */,
			);
			path = Reviews;
			sourceTree = "<group>";
		};
		ADC684612891C66800661E5D /* WriteReview */ = {
			isa = PBXGroup;
			children = (
				ADC684622891C6BF00661E5D /* WriteReviewViewController.swift */,
				ADC684642891D63D00661E5D /* RatingView.swift */,
			);
			path = WriteReview;
			sourceTree = "<group>";
		};
/* End PBXGroup section */

/* Begin PBXNativeTarget section */
		AD538CCB2875F49500C7FCDA /* TV Shows */ = {
			isa = PBXNativeTarget;
			buildConfigurationList = AD538CE02875F49C00C7FCDA /* Build configuration list for PBXNativeTarget "TV Shows" */;
			buildPhases = (
				8F04C239014D0F87E2A720A3 /* [CP] Check Pods Manifest.lock */,
				AD538CC82875F49500C7FCDA /* Sources */,
				AD538CC92875F49500C7FCDA /* Frameworks */,
				AD538CCA2875F49500C7FCDA /* Resources */,
				FA1BE54A3F09D4082748C456 /* [CP] Embed Pods Frameworks */,
			);
			buildRules = (
			);
			dependencies = (
			);
			name = "TV Shows";
			productName = "TV Shows";
			productReference = AD538CCC2875F49500C7FCDA /* TV Shows.app */;
			productType = "com.apple.product-type.application";
		};
/* End PBXNativeTarget section */

/* Begin PBXProject section */
		AD538CC42875F49500C7FCDA /* Project object */ = {
			isa = PBXProject;
			attributes = {
				BuildIndependentTargetsInParallel = 1;
				LastSwiftUpdateCheck = 1340;
				LastUpgradeCheck = 1340;
				TargetAttributes = {
					AD538CCB2875F49500C7FCDA = {
						CreatedOnToolsVersion = 13.4.1;
					};
				};
			};
			buildConfigurationList = AD538CC72875F49500C7FCDA /* Build configuration list for PBXProject "TV Shows" */;
			compatibilityVersion = "Xcode 13.0";
			developmentRegion = en;
			hasScannedForEncodings = 0;
			knownRegions = (
				en,
				Base,
			);
			mainGroup = AD538CC32875F49500C7FCDA;
			productRefGroup = AD538CCD2875F49500C7FCDA /* Products */;
			projectDirPath = "";
			projectRoot = "";
			targets = (
				AD538CCB2875F49500C7FCDA /* TV Shows */,
			);
		};
/* End PBXProject section */

/* Begin PBXResourcesBuildPhase section */
		AD538CCA2875F49500C7FCDA /* Resources */ = {
			isa = PBXResourcesBuildPhase;
			buildActionMask = 2147483647;
			files = (
				AD538CDC2875F49C00C7FCDA /* LaunchScreen.storyboard in Resources */,
				AD538CD92875F49C00C7FCDA /* Assets.xcassets in Resources */,
				AD2F6472289173F2002AB305 /* DescriptionTableViewCell.xib in Resources */,
				ADC6845D2891B45F00661E5D /* ReviewTableViewCell.xib in Resources */,
				AD86D275287C70EF0049FD11 /* Login.storyboard in Resources */,
				AD4319E128876D1500124AD1 /* Home.storyboard in Resources */,
				AD761E8828908DD0001811D6 /* TvShowTableViewCell.xib in Resources */,
			);
			runOnlyForDeploymentPostprocessing = 0;
		};
/* End PBXResourcesBuildPhase section */

/* Begin PBXShellScriptBuildPhase section */
		8F04C239014D0F87E2A720A3 /* [CP] Check Pods Manifest.lock */ = {
			isa = PBXShellScriptBuildPhase;
			buildActionMask = 2147483647;
			files = (
			);
			inputFileListPaths = (
			);
			inputPaths = (
				"${PODS_PODFILE_DIR_PATH}/Podfile.lock",
				"${PODS_ROOT}/Manifest.lock",
			);
			name = "[CP] Check Pods Manifest.lock";
			outputFileListPaths = (
			);
			outputPaths = (
				"$(DERIVED_FILE_DIR)/Pods-TV Shows-checkManifestLockResult.txt",
			);
			runOnlyForDeploymentPostprocessing = 0;
			shellPath = /bin/sh;
			shellScript = "diff \"${PODS_PODFILE_DIR_PATH}/Podfile.lock\" \"${PODS_ROOT}/Manifest.lock\" > /dev/null\nif [ $? != 0 ] ; then\n    # print error to STDERR\n    echo \"error: The sandbox is not in sync with the Podfile.lock. Run 'pod install' or update your CocoaPods installation.\" >&2\n    exit 1\nfi\n# This output is used by Xcode 'outputs' to avoid re-running this script phase.\necho \"SUCCESS\" > \"${SCRIPT_OUTPUT_FILE_0}\"\n";
			showEnvVarsInLog = 0;
		};
		FA1BE54A3F09D4082748C456 /* [CP] Embed Pods Frameworks */ = {
			isa = PBXShellScriptBuildPhase;
			buildActionMask = 2147483647;
			files = (
			);
			inputFileListPaths = (
				"${PODS_ROOT}/Target Support Files/Pods-TV Shows/Pods-TV Shows-frameworks-${CONFIGURATION}-input-files.xcfilelist",
			);
			name = "[CP] Embed Pods Frameworks";
			outputFileListPaths = (
				"${PODS_ROOT}/Target Support Files/Pods-TV Shows/Pods-TV Shows-frameworks-${CONFIGURATION}-output-files.xcfilelist",
			);
			runOnlyForDeploymentPostprocessing = 0;
			shellPath = /bin/sh;
			shellScript = "\"${PODS_ROOT}/Target Support Files/Pods-TV Shows/Pods-TV Shows-frameworks.sh\"\n";
			showEnvVarsInLog = 0;
		};
/* End PBXShellScriptBuildPhase section */

/* Begin PBXSourcesBuildPhase section */
		AD538CC82875F49500C7FCDA /* Sources */ = {
			isa = PBXSourcesBuildPhase;
			buildActionMask = 2147483647;
			files = (
				AD761E8728908DD0001811D6 /* TvShowTableViewCell.swift in Sources */,
				ADAF50D228995F72005D151B /* ProfileViewController.swift in Sources */,
				AD4319DB28874BDF00124AD1 /* UnderlinedTextField.swift in Sources */,
				AD86D277287C710B0049FD11 /* LoginViewController.swift in Sources */,
				ADAF50CF28994E4E005D151B /* KeychainAccess.swift in Sources */,
				AD2F6471289173F2002AB305 /* DescriptionTableViewCell.swift in Sources */,
				ADC684632891C6BF00661E5D /* WriteReviewViewController.swift in Sources */,
				ADAF50CB28992DE7005D151B /* UserDefaults.swift in Sources */,
				AD538CD02875F49500C7FCDA /* AppDelegate.swift in Sources */,
				AD538CD22875F49500C7FCDA /* SceneDelegate.swift in Sources */,
				AD4319ED2888888B00124AD1 /* User.swift in Sources */,
				AD2F646C28914707002AB305 /* ShowDetailsViewController.swift in Sources */,
				ADC684602891B98300661E5D /* Review.swift in Sources */,
				ADC684652891D63D00661E5D /* RatingView.swift in Sources */,
				ADC6845C2891B45F00661E5D /* ReviewTableViewCell.swift in Sources */,
				AD4319E72888748D00124AD1 /* Constants.swift in Sources */,
				AD32442F2898413100EEA5F8 /* ExtensionsUIButton.swift in Sources */,
				AD761E81289074DA001811D6 /* ShowList.swift in Sources */,
				AD4319E328876D2C00124AD1 /* HomeViewController.swift in Sources */,
			);
			runOnlyForDeploymentPostprocessing = 0;
		};
/* End PBXSourcesBuildPhase section */

/* Begin PBXVariantGroup section */
		AD538CDA2875F49C00C7FCDA /* LaunchScreen.storyboard */ = {
			isa = PBXVariantGroup;
			children = (
				AD538CDB2875F49C00C7FCDA /* Base */,
			);
			name = LaunchScreen.storyboard;
			sourceTree = "<group>";
		};
/* End PBXVariantGroup section */

/* Begin XCBuildConfiguration section */
		AD538CDE2875F49C00C7FCDA /* Debug */ = {
			isa = XCBuildConfiguration;
			buildSettings = {
				ALWAYS_SEARCH_USER_PATHS = NO;
				CLANG_ANALYZER_NONNULL = YES;
				CLANG_ANALYZER_NUMBER_OBJECT_CONVERSION = YES_AGGRESSIVE;
				CLANG_CXX_LANGUAGE_STANDARD = "gnu++17";
				CLANG_ENABLE_MODULES = YES;
				CLANG_ENABLE_OBJC_ARC = YES;
				CLANG_ENABLE_OBJC_WEAK = YES;
				CLANG_WARN_BLOCK_CAPTURE_AUTORELEASING = YES;
				CLANG_WARN_BOOL_CONVERSION = YES;
				CLANG_WARN_COMMA = YES;
				CLANG_WARN_CONSTANT_CONVERSION = YES;
				CLANG_WARN_DEPRECATED_OBJC_IMPLEMENTATIONS = YES;
				CLANG_WARN_DIRECT_OBJC_ISA_USAGE = YES_ERROR;
				CLANG_WARN_DOCUMENTATION_COMMENTS = YES;
				CLANG_WARN_EMPTY_BODY = YES;
				CLANG_WARN_ENUM_CONVERSION = YES;
				CLANG_WARN_INFINITE_RECURSION = YES;
				CLANG_WARN_INT_CONVERSION = YES;
				CLANG_WARN_NON_LITERAL_NULL_CONVERSION = YES;
				CLANG_WARN_OBJC_IMPLICIT_RETAIN_SELF = YES;
				CLANG_WARN_OBJC_LITERAL_CONVERSION = YES;
				CLANG_WARN_OBJC_ROOT_CLASS = YES_ERROR;
				CLANG_WARN_QUOTED_INCLUDE_IN_FRAMEWORK_HEADER = YES;
				CLANG_WARN_RANGE_LOOP_ANALYSIS = YES;
				CLANG_WARN_STRICT_PROTOTYPES = YES;
				CLANG_WARN_SUSPICIOUS_MOVE = YES;
				CLANG_WARN_UNGUARDED_AVAILABILITY = YES_AGGRESSIVE;
				CLANG_WARN_UNREACHABLE_CODE = YES;
				CLANG_WARN__DUPLICATE_METHOD_MATCH = YES;
				COPY_PHASE_STRIP = NO;
				DEBUG_INFORMATION_FORMAT = dwarf;
				ENABLE_STRICT_OBJC_MSGSEND = YES;
				ENABLE_TESTABILITY = YES;
				GCC_C_LANGUAGE_STANDARD = gnu11;
				GCC_DYNAMIC_NO_PIC = NO;
				GCC_NO_COMMON_BLOCKS = YES;
				GCC_OPTIMIZATION_LEVEL = 0;
				GCC_PREPROCESSOR_DEFINITIONS = (
					"DEBUG=1",
					"$(inherited)",
				);
				GCC_WARN_64_TO_32_BIT_CONVERSION = YES;
				GCC_WARN_ABOUT_RETURN_TYPE = YES_ERROR;
				GCC_WARN_UNDECLARED_SELECTOR = YES;
				GCC_WARN_UNINITIALIZED_AUTOS = YES_AGGRESSIVE;
				GCC_WARN_UNUSED_FUNCTION = YES;
				GCC_WARN_UNUSED_VARIABLE = YES;
				IPHONEOS_DEPLOYMENT_TARGET = 13.0;
				MTL_ENABLE_DEBUG_INFO = INCLUDE_SOURCE;
				MTL_FAST_MATH = YES;
				ONLY_ACTIVE_ARCH = YES;
				SDKROOT = iphoneos;
				SWIFT_ACTIVE_COMPILATION_CONDITIONS = DEBUG;
				SWIFT_OPTIMIZATION_LEVEL = "-Onone";
			};
			name = Debug;
		};
		AD538CDF2875F49C00C7FCDA /* Release */ = {
			isa = XCBuildConfiguration;
			buildSettings = {
				ALWAYS_SEARCH_USER_PATHS = NO;
				CLANG_ANALYZER_NONNULL = YES;
				CLANG_ANALYZER_NUMBER_OBJECT_CONVERSION = YES_AGGRESSIVE;
				CLANG_CXX_LANGUAGE_STANDARD = "gnu++17";
				CLANG_ENABLE_MODULES = YES;
				CLANG_ENABLE_OBJC_ARC = YES;
				CLANG_ENABLE_OBJC_WEAK = YES;
				CLANG_WARN_BLOCK_CAPTURE_AUTORELEASING = YES;
				CLANG_WARN_BOOL_CONVERSION = YES;
				CLANG_WARN_COMMA = YES;
				CLANG_WARN_CONSTANT_CONVERSION = YES;
				CLANG_WARN_DEPRECATED_OBJC_IMPLEMENTATIONS = YES;
				CLANG_WARN_DIRECT_OBJC_ISA_USAGE = YES_ERROR;
				CLANG_WARN_DOCUMENTATION_COMMENTS = YES;
				CLANG_WARN_EMPTY_BODY = YES;
				CLANG_WARN_ENUM_CONVERSION = YES;
				CLANG_WARN_INFINITE_RECURSION = YES;
				CLANG_WARN_INT_CONVERSION = YES;
				CLANG_WARN_NON_LITERAL_NULL_CONVERSION = YES;
				CLANG_WARN_OBJC_IMPLICIT_RETAIN_SELF = YES;
				CLANG_WARN_OBJC_LITERAL_CONVERSION = YES;
				CLANG_WARN_OBJC_ROOT_CLASS = YES_ERROR;
				CLANG_WARN_QUOTED_INCLUDE_IN_FRAMEWORK_HEADER = YES;
				CLANG_WARN_RANGE_LOOP_ANALYSIS = YES;
				CLANG_WARN_STRICT_PROTOTYPES = YES;
				CLANG_WARN_SUSPICIOUS_MOVE = YES;
				CLANG_WARN_UNGUARDED_AVAILABILITY = YES_AGGRESSIVE;
				CLANG_WARN_UNREACHABLE_CODE = YES;
				CLANG_WARN__DUPLICATE_METHOD_MATCH = YES;
				COPY_PHASE_STRIP = NO;
				DEBUG_INFORMATION_FORMAT = "dwarf-with-dsym";
				ENABLE_NS_ASSERTIONS = NO;
				ENABLE_STRICT_OBJC_MSGSEND = YES;
				GCC_C_LANGUAGE_STANDARD = gnu11;
				GCC_NO_COMMON_BLOCKS = YES;
				GCC_WARN_64_TO_32_BIT_CONVERSION = YES;
				GCC_WARN_ABOUT_RETURN_TYPE = YES_ERROR;
				GCC_WARN_UNDECLARED_SELECTOR = YES;
				GCC_WARN_UNINITIALIZED_AUTOS = YES_AGGRESSIVE;
				GCC_WARN_UNUSED_FUNCTION = YES;
				GCC_WARN_UNUSED_VARIABLE = YES;
				IPHONEOS_DEPLOYMENT_TARGET = 13.0;
				MTL_ENABLE_DEBUG_INFO = NO;
				MTL_FAST_MATH = YES;
				SDKROOT = iphoneos;
				SWIFT_COMPILATION_MODE = wholemodule;
				SWIFT_OPTIMIZATION_LEVEL = "-O";
				VALIDATE_PRODUCT = YES;
			};
			name = Release;
		};
		AD538CE12875F49C00C7FCDA /* Debug */ = {
			isa = XCBuildConfiguration;
			baseConfigurationReference = C76CC78DA9CC6E09C1FF49C0 /* Pods-TV Shows.debug.xcconfig */;
			buildSettings = {
				ASSETCATALOG_COMPILER_APPICON_NAME = AppIcon;
				ASSETCATALOG_COMPILER_GLOBAL_ACCENT_COLOR_NAME = AccentColor;
				CODE_SIGN_STYLE = Automatic;
				CURRENT_PROJECT_VERSION = 1;
				DEVELOPMENT_TEAM = R6CD5C276B;
				GENERATE_INFOPLIST_FILE = YES;
				INFOPLIST_FILE = "TV Shows/Info.plist";
				INFOPLIST_KEY_UIApplicationSupportsIndirectInputEvents = YES;
				INFOPLIST_KEY_UILaunchStoryboardName = LaunchScreen;
				INFOPLIST_KEY_UIMainStoryboardFile = Home;
				INFOPLIST_KEY_UISupportedInterfaceOrientations = "";
				INFOPLIST_KEY_UISupportedInterfaceOrientations_iPad = "UIInterfaceOrientationPortrait UIInterfaceOrientationPortraitUpsideDown UIInterfaceOrientationLandscapeLeft UIInterfaceOrientationLandscapeRight";
				INFOPLIST_KEY_UISupportedInterfaceOrientations_iPhone = "UIInterfaceOrientationPortrait UIInterfaceOrientationLandscapeLeft UIInterfaceOrientationLandscapeRight";
				INFOPLIST_KEY_UIUserInterfaceStyle = Light;
				IPHONEOS_DEPLOYMENT_TARGET = 13.0;
				LD_RUNPATH_SEARCH_PATHS = (
					"$(inherited)",
					"@executable_path/Frameworks",
				);
				MARKETING_VERSION = 1.0;
				PRODUCT_BUNDLE_IDENTIFIER = "com.infinum-academy-mn49677.TV-Shows";
				PRODUCT_NAME = "$(TARGET_NAME)";
				SWIFT_EMIT_LOC_STRINGS = YES;
				SWIFT_VERSION = 5.0;
				TARGETED_DEVICE_FAMILY = "1,2";
			};
			name = Debug;
		};
		AD538CE22875F49C00C7FCDA /* Release */ = {
			isa = XCBuildConfiguration;
			baseConfigurationReference = 5391A98C485E2D87C6C5812C /* Pods-TV Shows.release.xcconfig */;
			buildSettings = {
				ASSETCATALOG_COMPILER_APPICON_NAME = AppIcon;
				ASSETCATALOG_COMPILER_GLOBAL_ACCENT_COLOR_NAME = AccentColor;
				CODE_SIGN_STYLE = Automatic;
				CURRENT_PROJECT_VERSION = 1;
				DEVELOPMENT_TEAM = R6CD5C276B;
				GENERATE_INFOPLIST_FILE = YES;
				INFOPLIST_FILE = "TV Shows/Info.plist";
				INFOPLIST_KEY_UIApplicationSupportsIndirectInputEvents = YES;
				INFOPLIST_KEY_UILaunchStoryboardName = LaunchScreen;
				INFOPLIST_KEY_UIMainStoryboardFile = Home;
				INFOPLIST_KEY_UISupportedInterfaceOrientations = "";
				INFOPLIST_KEY_UISupportedInterfaceOrientations_iPad = "UIInterfaceOrientationPortrait UIInterfaceOrientationPortraitUpsideDown UIInterfaceOrientationLandscapeLeft UIInterfaceOrientationLandscapeRight";
				INFOPLIST_KEY_UISupportedInterfaceOrientations_iPhone = "UIInterfaceOrientationPortrait UIInterfaceOrientationLandscapeLeft UIInterfaceOrientationLandscapeRight";
				INFOPLIST_KEY_UIUserInterfaceStyle = Light;
				IPHONEOS_DEPLOYMENT_TARGET = 13.0;
				LD_RUNPATH_SEARCH_PATHS = (
					"$(inherited)",
					"@executable_path/Frameworks",
				);
				MARKETING_VERSION = 1.0;
				PRODUCT_BUNDLE_IDENTIFIER = "com.infinum-academy-mn49677.TV-Shows";
				PRODUCT_NAME = "$(TARGET_NAME)";
				SWIFT_EMIT_LOC_STRINGS = YES;
				SWIFT_VERSION = 5.0;
				TARGETED_DEVICE_FAMILY = "1,2";
			};
			name = Release;
		};
/* End XCBuildConfiguration section */

/* Begin XCConfigurationList section */
		AD538CC72875F49500C7FCDA /* Build configuration list for PBXProject "TV Shows" */ = {
			isa = XCConfigurationList;
			buildConfigurations = (
				AD538CDE2875F49C00C7FCDA /* Debug */,
				AD538CDF2875F49C00C7FCDA /* Release */,
			);
			defaultConfigurationIsVisible = 0;
			defaultConfigurationName = Release;
		};
		AD538CE02875F49C00C7FCDA /* Build configuration list for PBXNativeTarget "TV Shows" */ = {
			isa = XCConfigurationList;
			buildConfigurations = (
				AD538CE12875F49C00C7FCDA /* Debug */,
				AD538CE22875F49C00C7FCDA /* Release */,
			);
			defaultConfigurationIsVisible = 0;
			defaultConfigurationName = Release;
		};
/* End XCConfigurationList section */
	};
	rootObject = AD538CC42875F49500C7FCDA /* Project object */;
}
